
Microsoft Visual Studio Solution File, Format Version 12.00
# Visual Studio Version 17
VisualStudioVersion = 17.7.34024.191
MinimumVisualStudioVersion = 10.0.40219.1
Project("{FAE04EC0-301F-11D3-BF4B-00C04F79EFBC}") = "WPF Window", "WPF Window\WPF Window.csproj", "{C9084BE9-7D3B-4E1F-8EED-1A85DDE12B93}"
EndProject
Global
	GlobalSection(SolutionConfigurationPlatforms) = preSolution
		Debug|Any CPU = Debug|Any CPU
		Release|Any CPU = Release|Any CPU
	EndGlobalSection
	GlobalSection(ProjectConfigurationPlatforms) = postSolution
		{C9084BE9-7D3B-4E1F-8EED-1A85DDE12B93}.Debug|Any CPU.ActiveCfg = Debug|Any CPU
		{C9084BE9-7D3B-4E1F-8EED-1A85DDE12B93}.Debug|Any CPU.Build.0 = Debug|Any CPU
		{C9084BE9-7D3B-4E1F-8EED-1A85DDE12B93}.Release|Any CPU.ActiveCfg = Release|Any CPU
		{C9084BE9-7D3B-4E1F-8EED-1A85DDE12B93}.Release|Any CPU.Build.0 = Release|Any CPU
	EndGlobalSection
	GlobalSection(SolutionProperties) = preSolution
		HideSolutionNode = FALSE
	EndGlobalSection
	GlobalSection(ExtensibilityGlobals) = postSolution
		SolutionGuid = {74AD7352-32F0-4B5E-8DDD-82B944AF8369}
	EndGlobalSection
EndGlobal
